{
  "name": "nested-obsolete-dependencies",
  "version": "1.0.6",
  "lockfileVersion": 3,
  "requires": true,
  "packages": {
    "": {
      "name": "nested-obsolete-dependencies",
      "version": "1.0.6",
      "license": "MIT",
      "dependencies": {
        "@luxass/strip-json-comments": "^1.2.0"
      },
      "engines": {
        "node": "^16"
      }
    },
    "node_modules/@luxass/strip-json-comments": {
      "version": "1.2.0",
      "resolved": "https://registry.npmjs.org/@luxass/strip-json-comments/-/strip-json-comments-1.2.0.tgz",
      "integrity": "sha512-JNz1ha89f+pJDxSoFwSnIX3MdBpFbxNlILfoN0SHBZpsw4BjEKWmYyV1mFfBTbfDQqZQJELFlmAcoM54dvVfzw==",
      "engines": {
        "node": ">=18"
      }
    }
  }
}
